// !$*UTF8*$!
{
	archiveVersion = 1;
	classes = {
	};
	objectVersion = 55;
	objects = {

/* Begin PBXBuildFile section */
		D737EF8F2826231F000D6958 /* InstagramApp.swift in Sources */ = {isa = PBXBuildFile; fileRef = D737EF8E2826231F000D6958 /* InstagramApp.swift */; };
		D737EF9328262323000D6958 /* Assets.xcassets in Resources */ = {isa = PBXBuildFile; fileRef = D737EF9228262323000D6958 /* Assets.xcassets */; };
		D737EF9628262323000D6958 /* Preview Assets.xcassets in Resources */ = {isa = PBXBuildFile; fileRef = D737EF9528262323000D6958 /* Preview Assets.xcassets */; };
		D7DD5A142826278200CBBB64 /* ContentView.swift in Sources */ = {isa = PBXBuildFile; fileRef = D7DD5A132826278200CBBB64 /* ContentView.swift */; };
		D7DD5A2228262A9E00CBBB64 /* MainTabView.swift in Sources */ = {isa = PBXBuildFile; fileRef = D7DD5A2128262A9E00CBBB64 /* MainTabView.swift */; };
		D7DD5A2428262AB600CBBB64 /* FeedView.swift in Sources */ = {isa = PBXBuildFile; fileRef = D7DD5A2328262AB600CBBB64 /* FeedView.swift */; };
		D7DD5A2628262AC900CBBB64 /* SearchView.swift in Sources */ = {isa = PBXBuildFile; fileRef = D7DD5A2528262AC900CBBB64 /* SearchView.swift */; };
		D7DD5A2828262AE000CBBB64 /* NotificationsView.swift in Sources */ = {isa = PBXBuildFile; fileRef = D7DD5A2728262AE000CBBB64 /* NotificationsView.swift */; };
		D7DD5A2A28262B0C00CBBB64 /* ProfileView.swift in Sources */ = {isa = PBXBuildFile; fileRef = D7DD5A2928262B0C00CBBB64 /* ProfileView.swift */; };
		D7DD5A2C28262B2400CBBB64 /* UploadPostView.swift in Sources */ = {isa = PBXBuildFile; fileRef = D7DD5A2B28262B2400CBBB64 /* UploadPostView.swift */; };
/* End PBXBuildFile section */

/* Begin PBXFileReference section */
		D737EF8B2826231F000D6958 /* Instagram.app */ = {isa = PBXFileReference; explicitFileType = wrapper.application; includeInIndex = 0; path = Instagram.app; sourceTree = BUILT_PRODUCTS_DIR; };
		D737EF8E2826231F000D6958 /* InstagramApp.swift */ = {isa = PBXFileReference; lastKnownFileType = sourcecode.swift; path = InstagramApp.swift; sourceTree = "<group>"; };
		D737EF9228262323000D6958 /* Assets.xcassets */ = {isa = PBXFileReference; lastKnownFileType = folder.assetcatalog; path = Assets.xcassets; sourceTree = "<group>"; };
		D737EF9528262323000D6958 /* Preview Assets.xcassets */ = {isa = PBXFileReference; lastKnownFileType = folder.assetcatalog; path = "Preview Assets.xcassets"; sourceTree = "<group>"; };
		D7DD5A132826278200CBBB64 /* ContentView.swift */ = {isa = PBXFileReference; lastKnownFileType = sourcecode.swift; path = ContentView.swift; sourceTree = "<group>"; };
		D7DD5A2128262A9E00CBBB64 /* MainTabView.swift */ = {isa = PBXFileReference; lastKnownFileType = sourcecode.swift; path = MainTabView.swift; sourceTree = "<group>"; };
		D7DD5A2328262AB600CBBB64 /* FeedView.swift */ = {isa = PBXFileReference; lastKnownFileType = sourcecode.swift; path = FeedView.swift; sourceTree = "<group>"; };
		D7DD5A2528262AC900CBBB64 /* SearchView.swift */ = {isa = PBXFileReference; lastKnownFileType = sourcecode.swift; path = SearchView.swift; sourceTree = "<group>"; };
		D7DD5A2728262AE000CBBB64 /* NotificationsView.swift */ = {isa = PBXFileReference; lastKnownFileType = sourcecode.swift; path = NotificationsView.swift; sourceTree = "<group>"; };
		D7DD5A2928262B0C00CBBB64 /* ProfileView.swift */ = {isa = PBXFileReference; lastKnownFileType = sourcecode.swift; path = ProfileView.swift; sourceTree = "<group>"; };
		D7DD5A2B28262B2400CBBB64 /* UploadPostView.swift */ = {isa = PBXFileReference; lastKnownFileType = sourcecode.swift; path = UploadPostView.swift; sourceTree = "<group>"; };
/* End PBXFileReference section */

/* Begin PBXFrameworksBuildPhase section */
		D737EF882826231F000D6958 /* Frameworks */ = {
			isa = PBXFrameworksBuildPhase;
			buildActionMask = 2147483647;
			files = (
			);
			runOnlyForDeploymentPostprocessing = 0;
		};
/* End PBXFrameworksBuildPhase section */

/* Begin PBXGroup section */
		D737EF822826231F000D6958 = {
			isa = PBXGroup;
			children = (
				D737EF8D2826231F000D6958 /* Instagram */,
				D737EF8C2826231F000D6958 /* Products */,
			);
			sourceTree = "<group>";
		};
		D737EF8C2826231F000D6958 /* Products */ = {
			isa = PBXGroup;
			children = (
				D737EF8B2826231F000D6958 /* Instagram.app */,
			);
			name = Products;
			sourceTree = "<group>";
		};
		D737EF8D2826231F000D6958 /* Instagram */ = {
			isa = PBXGroup;
			children = (
				D7DD5A112826270100CBBB64 /* Model */,
				D7DD5A0B2826266300CBBB64 /* View */,
				D7DD5A10282626FF00CBBB64 /* ViewModel */,
				D7DD5A0F282626D900CBBB64 /* API */,
				D7DD5A0E282626D700CBBB64 /* Utils */,
				D737EF8E2826231F000D6958 /* InstagramApp.swift */,
				D737EF9228262323000D6958 /* Assets.xcassets */,
				D737EF9428262323000D6958 /* Preview Content */,
			);
			path = Instagram;
			sourceTree = "<group>";
		};
		D737EF9428262323000D6958 /* Preview Content */ = {
			isa = PBXGroup;
			children = (
				D737EF9528262323000D6958 /* Preview Assets.xcassets */,
			);
			path = "Preview Content";
			sourceTree = "<group>";
		};
		D7DD5A0B2826266300CBBB64 /* View */ = {
			isa = PBXGroup;
			children = (
				D7DD5A1C282627E200CBBB64 /* Items */,
				D7DD5A1B282627C900CBBB64 /* Authentication */,
				D7DD5A1A282627C400CBBB64 /* Notifications */,
				D7DD5A19282627C000CBBB64 /* Search */,
				D7DD5A18282627BD00CBBB64 /* Comments */,
				D7DD5A17282627B800CBBB64 /* Feed */,
				D7DD5A16282627B400CBBB64 /* Profile */,
				D7DD5A15282627AB00CBBB64 /* UploadPost */,
				D7DD5A122826277000CBBB64 /* Main */,
			);
			name = View;
			sourceTree = "<group>";
		};
		D7DD5A0E282626D700CBBB64 /* Utils */ = {
			isa = PBXGroup;
			children = (
			);
			path = Utils;
			sourceTree = "<group>";
		};
		D7DD5A0F282626D900CBBB64 /* API */ = {
			isa = PBXGroup;
			children = (
			);
			path = API;
			sourceTree = "<group>";
		};
		D7DD5A10282626FF00CBBB64 /* ViewModel */ = {
			isa = PBXGroup;
			children = (
				D7DD5A1D2826282E00CBBB64 /* Profile */,
				D7DD5A1E2826283900CBBB64 /* Authentication */,
				D7DD5A1F2826284200CBBB64 /* Notifications */,
				D7DD5A202826284900CBBB64 /* Feed */,
			);
			path = ViewModel;
			sourceTree = "<group>";
		};
		D7DD5A112826270100CBBB64 /* Model */ = {
			isa = PBXGroup;
			children = (
			);
			path = Model;
			sourceTree = "<group>";
		};
		D7DD5A122826277000CBBB64 /* Main */ = {
			isa = PBXGroup;
			children = (
				D7DD5A132826278200CBBB64 /* ContentView.swift */,
				D7DD5A2128262A9E00CBBB64 /* MainTabView.swift */,
			);
			name = Main;
			sourceTree = "<group>";
		};
		D7DD5A15282627AB00CBBB64 /* UploadPost */ = {
			isa = PBXGroup;
			children = (
				D7DD5A2B28262B2400CBBB64 /* UploadPostView.swift */,
			);
			name = UploadPost;
			sourceTree = "<group>";
		};
		D7DD5A16282627B400CBBB64 /* Profile */ = {
			isa = PBXGroup;
			children = (
				D7DD5A2928262B0C00CBBB64 /* ProfileView.swift */,
			);
			name = Profile;
			sourceTree = "<group>";
		};
		D7DD5A17282627B800CBBB64 /* Feed */ = {
			isa = PBXGroup;
			children = (
				D7DD5A2328262AB600CBBB64 /* FeedView.swift */,
			);
			name = Feed;
			sourceTree = "<group>";
		};
		D7DD5A18282627BD00CBBB64 /* Comments */ = {
			isa = PBXGroup;
			children = (
			);
			name = Comments;
			sourceTree = "<group>";
		};
		D7DD5A19282627C000CBBB64 /* Search */ = {
			isa = PBXGroup;
			children = (
				D7DD5A2528262AC900CBBB64 /* SearchView.swift */,
			);
			name = Search;
			sourceTree = "<group>";
		};
		D7DD5A1A282627C400CBBB64 /* Notifications */ = {
			isa = PBXGroup;
			children = (
				D7DD5A2728262AE000CBBB64 /* NotificationsView.swift */,
			);
			name = Notifications;
			sourceTree = "<group>";
		};
		D7DD5A1B282627C900CBBB64 /* Authentication */ = {
			isa = PBXGroup;
			children = (
			);
			name = Authentication;
			sourceTree = "<group>";
		};
		D7DD5A1C282627E200CBBB64 /* Items */ = {
			isa = PBXGroup;
			children = (
			);
			name = Items;
			sourceTree = "<group>";
		};
		D7DD5A1D2826282E00CBBB64 /* Profile */ = {
			isa = PBXGroup;
			children = (
			);
			path = Profile;
			sourceTree = "<group>";
		};
		D7DD5A1E2826283900CBBB64 /* Authentication */ = {
			isa = PBXGroup;
			children = (
			);
			path = Authentication;
			sourceTree = "<group>";
		};
		D7DD5A1F2826284200CBBB64 /* Notifications */ = {
			isa = PBXGroup;
			children = (
			);
			path = Notifications;
			sourceTree = "<group>";
		};
		D7DD5A202826284900CBBB64 /* Feed */ = {
			isa = PBXGroup;
			children = (
			);
			path = Feed;
			sourceTree = "<group>";
		};
/* End PBXGroup section */

/* Begin PBXNativeTarget section */
		D737EF8A2826231F000D6958 /* Instagram */ = {
			isa = PBXNativeTarget;
			buildConfigurationList = D737EF9928262323000D6958 /* Build configuration list for PBXNativeTarget "Instagram" */;
			buildPhases = (
				D737EF872826231F000D6958 /* Sources */,
				D737EF882826231F000D6958 /* Frameworks */,
				D737EF892826231F000D6958 /* Resources */,
			);
			buildRules = (
			);
			dependencies = (
			);
			name = Instagram;
			productName = Instagram;
			productReference = D737EF8B2826231F000D6958 /* Instagram.app */;
			productType = "com.apple.product-type.application";
		};
/* End PBXNativeTarget section */

/* Begin PBXProject section */
		D737EF832826231F000D6958 /* Project object */ = {
			isa = PBXProject;
			attributes = {
				BuildIndependentTargetsInParallel = 1;
				LastSwiftUpdateCheck = 1330;
				LastUpgradeCheck = 1330;
				TargetAttributes = {
					D737EF8A2826231F000D6958 = {
						CreatedOnToolsVersion = 13.3.1;
					};
				};
			};
			buildConfigurationList = D737EF862826231F000D6958 /* Build configuration list for PBXProject "Instagram" */;
			compatibilityVersion = "Xcode 13.0";
			developmentRegion = en;
			hasScannedForEncodings = 0;
			knownRegions = (
				en,
				Base,
			);
			mainGroup = D737EF822826231F000D6958;
			productRefGroup = D737EF8C2826231F000D6958 /* Products */;
			projectDirPath = "";
			projectRoot = "";
			targets = (
				D737EF8A2826231F000D6958 /* Instagram */,
			);
		};
/* End PBXProject section */

/* Begin PBXResourcesBuildPhase section */
		D737EF892826231F000D6958 /* Resources */ = {
			isa = PBXResourcesBuildPhase;
			buildActionMask = 2147483647;
			files = (
				D737EF9628262323000D6958 /* Preview Assets.xcassets in Resources */,
				D737EF9328262323000D6958 /* Assets.xcassets in Resources */,
			);
			runOnlyForDeploymentPostprocessing = 0;
		};
/* End PBXResourcesBuildPhase section */

/* Begin PBXSourcesBuildPhase section */
		D737EF872826231F000D6958 /* Sources */ = {
			isa = PBXSourcesBuildPhase;
			buildActionMask = 2147483647;
			files = (
				D7DD5A2628262AC900CBBB64 /* SearchView.swift in Sources */,
				D7DD5A2428262AB600CBBB64 /* FeedView.swift in Sources */,
				D7DD5A142826278200CBBB64 /* ContentView.swift in Sources */,
				D737EF8F2826231F000D6958 /* InstagramApp.swift in Sources */,
				D7DD5A2228262A9E00CBBB64 /* MainTabView.swift in Sources */,
				D7DD5A2C28262B2400CBBB64 /* UploadPostView.swift in Sources */,
				D7DD5A2A28262B0C00CBBB64 /* ProfileView.swift in Sources */,
				D7DD5A2828262AE000CBBB64 /* NotificationsView.swift in Sources */,
			);
			runOnlyForDeploymentPostprocessing = 0;
		};
/* End PBXSourcesBuildPhase section */

/* Begin XCBuildConfiguration section */
		D737EF9728262323000D6958 /* Debug */ = {
			isa = XCBuildConfiguration;
			buildSettings = {
				ALWAYS_SEARCH_USER_PATHS = NO;
				CLANG_ANALYZER_NONNULL = YES;
				CLANG_ANALYZER_NUMBER_OBJECT_CONVERSION = YES_AGGRESSIVE;
				CLANG_CXX_LANGUAGE_STANDARD = "gnu++17";
				CLANG_ENABLE_MODULES = YES;
				CLANG_ENABLE_OBJC_ARC = YES;
				CLANG_ENABLE_OBJC_WEAK = YES;
				CLANG_WARN_BLOCK_CAPTURE_AUTORELEASING = YES;
				CLANG_WARN_BOOL_CONVERSION = YES;
				CLANG_WARN_COMMA = YES;
				CLANG_WARN_CONSTANT_CONVERSION = YES;
				CLANG_WARN_DEPRECATED_OBJC_IMPLEMENTATIONS = YES;
				CLANG_WARN_DIRECT_OBJC_ISA_USAGE = YES_ERROR;
				CLANG_WARN_DOCUMENTATION_COMMENTS = YES;
				CLANG_WARN_EMPTY_BODY = YES;
				CLANG_WARN_ENUM_CONVERSION = YES;
				CLANG_WARN_INFINITE_RECURSION = YES;
				CLANG_WARN_INT_CONVERSION = YES;
				CLANG_WARN_NON_LITERAL_NULL_CONVERSION = YES;
				CLANG_WARN_OBJC_IMPLICIT_RETAIN_SELF = YES;
				CLANG_WARN_OBJC_LITERAL_CONVERSION = YES;
				CLANG_WARN_OBJC_ROOT_CLASS = YES_ERROR;
				CLANG_WARN_QUOTED_INCLUDE_IN_FRAMEWORK_HEADER = YES;
				CLANG_WARN_RANGE_LOOP_ANALYSIS = YES;
				CLANG_WARN_STRICT_PROTOTYPES = YES;
				CLANG_WARN_SUSPICIOUS_MOVE = YES;
				CLANG_WARN_UNGUARDED_AVAILABILITY = YES_AGGRESSIVE;
				CLANG_WARN_UNREACHABLE_CODE = YES;
				CLANG_WARN__DUPLICATE_METHOD_MATCH = YES;
				COPY_PHASE_STRIP = NO;
				DEBUG_INFORMATION_FORMAT = dwarf;
				ENABLE_STRICT_OBJC_MSGSEND = YES;
				ENABLE_TESTABILITY = YES;
				GCC_C_LANGUAGE_STANDARD = gnu11;
				GCC_DYNAMIC_NO_PIC = NO;
				GCC_NO_COMMON_BLOCKS = YES;
				GCC_OPTIMIZATION_LEVEL = 0;
				GCC_PREPROCESSOR_DEFINITIONS = (
					"DEBUG=1",
					"$(inherited)",
				);
				GCC_WARN_64_TO_32_BIT_CONVERSION = YES;
				GCC_WARN_ABOUT_RETURN_TYPE = YES_ERROR;
				GCC_WARN_UNDECLARED_SELECTOR = YES;
				GCC_WARN_UNINITIALIZED_AUTOS = YES_AGGRESSIVE;
				GCC_WARN_UNUSED_FUNCTION = YES;
				GCC_WARN_UNUSED_VARIABLE = YES;
				IPHONEOS_DEPLOYMENT_TARGET = 15.4;
				MTL_ENABLE_DEBUG_INFO = INCLUDE_SOURCE;
				MTL_FAST_MATH = YES;
				ONLY_ACTIVE_ARCH = YES;
				SDKROOT = iphoneos;
				SWIFT_ACTIVE_COMPILATION_CONDITIONS = DEBUG;
				SWIFT_OPTIMIZATION_LEVEL = "-Onone";
			};
			name = Debug;
		};
		D737EF9828262323000D6958 /* Release */ = {
			isa = XCBuildConfiguration;
			buildSettings = {
				ALWAYS_SEARCH_USER_PATHS = NO;
				CLANG_ANALYZER_NONNULL = YES;
				CLANG_ANALYZER_NUMBER_OBJECT_CONVERSION = YES_AGGRESSIVE;
				CLANG_CXX_LANGUAGE_STANDARD = "gnu++17";
				CLANG_ENABLE_MODULES = YES;
				CLANG_ENABLE_OBJC_ARC = YES;
				CLANG_ENABLE_OBJC_WEAK = YES;
				CLANG_WARN_BLOCK_CAPTURE_AUTORELEASING = YES;
				CLANG_WARN_BOOL_CONVERSION = YES;
				CLANG_WARN_COMMA = YES;
				CLANG_WARN_CONSTANT_CONVERSION = YES;
				CLANG_WARN_DEPRECATED_OBJC_IMPLEMENTATIONS = YES;
				CLANG_WARN_DIRECT_OBJC_ISA_USAGE = YES_ERROR;
				CLANG_WARN_DOCUMENTATION_COMMENTS = YES;
				CLANG_WARN_EMPTY_BODY = YES;
				CLANG_WARN_ENUM_CONVERSION = YES;
				CLANG_WARN_INFINITE_RECURSION = YES;
				CLANG_WARN_INT_CONVERSION = YES;
				CLANG_WARN_NON_LITERAL_NULL_CONVERSION = YES;
				CLANG_WARN_OBJC_IMPLICIT_RETAIN_SELF = YES;
				CLANG_WARN_OBJC_LITERAL_CONVERSION = YES;
				CLANG_WARN_OBJC_ROOT_CLASS = YES_ERROR;
				CLANG_WARN_QUOTED_INCLUDE_IN_FRAMEWORK_HEADER = YES;
				CLANG_WARN_RANGE_LOOP_ANALYSIS = YES;
				CLANG_WARN_STRICT_PROTOTYPES = YES;
				CLANG_WARN_SUSPICIOUS_MOVE = YES;
				CLANG_WARN_UNGUARDED_AVAILABILITY = YES_AGGRESSIVE;
				CLANG_WARN_UNREACHABLE_CODE = YES;
				CLANG_WARN__DUPLICATE_METHOD_MATCH = YES;
				COPY_PHASE_STRIP = NO;
				DEBUG_INFORMATION_FORMAT = "dwarf-with-dsym";
				ENABLE_NS_ASSERTIONS = NO;
				ENABLE_STRICT_OBJC_MSGSEND = YES;
				GCC_C_LANGUAGE_STANDARD = gnu11;
				GCC_NO_COMMON_BLOCKS = YES;
				GCC_WARN_64_TO_32_BIT_CONVERSION = YES;
				GCC_WARN_ABOUT_RETURN_TYPE = YES_ERROR;
				GCC_WARN_UNDECLARED_SELECTOR = YES;
				GCC_WARN_UNINITIALIZED_AUTOS = YES_AGGRESSIVE;
				GCC_WARN_UNUSED_FUNCTION = YES;
				GCC_WARN_UNUSED_VARIABLE = YES;
				IPHONEOS_DEPLOYMENT_TARGET = 15.4;
				MTL_ENABLE_DEBUG_INFO = NO;
				MTL_FAST_MATH = YES;
				SDKROOT = iphoneos;
				SWIFT_COMPILATION_MODE = wholemodule;
				SWIFT_OPTIMIZATION_LEVEL = "-O";
				VALIDATE_PRODUCT = YES;
			};
			name = Release;
		};
		D737EF9A28262323000D6958 /* Debug */ = {
			isa = XCBuildConfiguration;
			buildSettings = {
				ASSETCATALOG_COMPILER_APPICON_NAME = AppIcon;
				ASSETCATALOG_COMPILER_GLOBAL_ACCENT_COLOR_NAME = AccentColor;
				CODE_SIGN_STYLE = Automatic;
				CURRENT_PROJECT_VERSION = 1;
				DEVELOPMENT_ASSET_PATHS = "\"Instagram/Preview Content\"";
				DEVELOPMENT_TEAM = 74V6YLFM83;
				ENABLE_PREVIEWS = YES;
				GENERATE_INFOPLIST_FILE = YES;
				INFOPLIST_KEY_UIApplicationSceneManifest_Generation = YES;
				INFOPLIST_KEY_UIApplicationSupportsIndirectInputEvents = YES;
				INFOPLIST_KEY_UILaunchScreen_Generation = YES;
				INFOPLIST_KEY_UISupportedInterfaceOrientations_iPad = "UIInterfaceOrientationPortrait UIInterfaceOrientationPortraitUpsideDown UIInterfaceOrientationLandscapeLeft UIInterfaceOrientationLandscapeRight";
				INFOPLIST_KEY_UISupportedInterfaceOrientations_iPhone = "UIInterfaceOrientationPortrait UIInterfaceOrientationLandscapeLeft UIInterfaceOrientationLandscapeRight";
				LD_RUNPATH_SEARCH_PATHS = (
					"$(inherited)",
					"@executable_path/Frameworks",
				);
				MARKETING_VERSION = 1.0;
				PRODUCT_BUNDLE_IDENTIFIER = wagner.goulart.Instagram;
				PRODUCT_NAME = "$(TARGET_NAME)";
				SWIFT_EMIT_LOC_STRINGS = YES;
				SWIFT_VERSION = 5.0;
				TARGETED_DEVICE_FAMILY = "1,2";
			};
			name = Debug;
		};
		D737EF9B28262323000D6958 /* Release */ = {
			isa = XCBuildConfiguration;
			buildSettings = {
				ASSETCATALOG_COMPILER_APPICON_NAME = AppIcon;
				ASSETCATALOG_COMPILER_GLOBAL_ACCENT_COLOR_NAME = AccentColor;
				CODE_SIGN_STYLE = Automatic;
				CURRENT_PROJECT_VERSION = 1;
				DEVELOPMENT_ASSET_PATHS = "\"Instagram/Preview Content\"";
				DEVELOPMENT_TEAM = 74V6YLFM83;
				ENABLE_PREVIEWS = YES;
				GENERATE_INFOPLIST_FILE = YES;
				INFOPLIST_KEY_UIApplicationSceneManifest_Generation = YES;
				INFOPLIST_KEY_UIApplicationSupportsIndirectInputEvents = YES;
				INFOPLIST_KEY_UILaunchScreen_Generation = YES;
				INFOPLIST_KEY_UISupportedInterfaceOrientations_iPad = "UIInterfaceOrientationPortrait UIInterfaceOrientationPortraitUpsideDown UIInterfaceOrientationLandscapeLeft UIInterfaceOrientationLandscapeRight";
				INFOPLIST_KEY_UISupportedInterfaceOrientations_iPhone = "UIInterfaceOrientationPortrait UIInterfaceOrientationLandscapeLeft UIInterfaceOrientationLandscapeRight";
				LD_RUNPATH_SEARCH_PATHS = (
					"$(inherited)",
					"@executable_path/Frameworks",
				);
				MARKETING_VERSION = 1.0;
				PRODUCT_BUNDLE_IDENTIFIER = wagner.goulart.Instagram;
				PRODUCT_NAME = "$(TARGET_NAME)";
				SWIFT_EMIT_LOC_STRINGS = YES;
				SWIFT_VERSION = 5.0;
				TARGETED_DEVICE_FAMILY = "1,2";
			};
			name = Release;
		};
/* End XCBuildConfiguration section */

/* Begin XCConfigurationList section */
		D737EF862826231F000D6958 /* Build configuration list for PBXProject "Instagram" */ = {
			isa = XCConfigurationList;
			buildConfigurations = (
				D737EF9728262323000D6958 /* Debug */,
				D737EF9828262323000D6958 /* Release */,
			);
			defaultConfigurationIsVisible = 0;
			defaultConfigurationName = Release;
		};
		D737EF9928262323000D6958 /* Build configuration list for PBXNativeTarget "Instagram" */ = {
			isa = XCConfigurationList;
			buildConfigurations = (
				D737EF9A28262323000D6958 /* Debug */,
				D737EF9B28262323000D6958 /* Release */,
			);
			defaultConfigurationIsVisible = 0;
			defaultConfigurationName = Release;
		};
/* End XCConfigurationList section */
	};
	rootObject = D737EF832826231F000D6958 /* Project object */;
}
